
Microsoft Visual Studio Solution File, Format Version 12.00
# Visual Studio 14
VisualStudioVersion = 14.0.25420.1
MinimumVisualStudioVersion = 10.0.40219.1
Project("{FAE04EC0-301F-11D3-BF4B-00C04F79EFBC}") = "ITCC.Logging.Windows", "ITCC.Logging.Windows\ITCC.Logging.Windows.csproj", "{BBC8B7E2-BFC2-4B03-BD01-5B6BD10649C1}"
EndProject
Project("{2150E333-8FDC-42A3-9474-1A3956D46DE8}") = "Solution Items", "Solution Items", "{B2F9C501-ED7C-4A91-8974-32D81A3C3B60}"
	ProjectSection(SolutionItems) = preProject
		CHANGELOG.md = CHANGELOG.md
		LICENSE.md = LICENSE.md
		README.md = README.md
	EndProjectSection
EndProject
Project("{FAE04EC0-301F-11D3-BF4B-00C04F79EFBC}") = "ITCC.HTTP.Testing", "ITCC.HTTP.Testing\ITCC.HTTP.Testing.csproj", "{097A520A-5AB7-45A1-86BA-F094C698F5E1}"
EndProject
Project("{FAE04EC0-301F-11D3-BF4B-00C04F79EFBC}") = "ITCC.UI", "ITCC.UI\ITCC.UI.csproj", "{07D36841-8876-437C-B7A4-CBF1012513EB}"
EndProject
Project("{FAE04EC0-301F-11D3-BF4B-00C04F79EFBC}") = "ITCC.UI.Testing", "ITCC.UI.Testing\ITCC.UI.Testing.csproj", "{B2BA0903-819E-429B-9206-B93B67A29F4C}"
	ProjectSection(ProjectDependencies) = postProject
		{FC73DFCF-4D11-4400-BB98-5115CA2608E1} = {FC73DFCF-4D11-4400-BB98-5115CA2608E1}
	EndProjectSection
EndProject
Project("{FAE04EC0-301F-11D3-BF4B-00C04F79EFBC}") = "ITCC.Geocoding", "ITCC.Geocoding\ITCC.Geocoding.csproj", "{E0D80DB9-1D0E-4FDC-BA31-4D0DEB76BB56}"
EndProject
Project("{FAE04EC0-301F-11D3-BF4B-00C04F79EFBC}") = "ITCC.Logging.Core", "ITCC.Logging.Core\ITCC.Logging.Core.csproj", "{FC73DFCF-4D11-4400-BB98-5115CA2608E1}"
EndProject
Project("{FAE04EC0-301F-11D3-BF4B-00C04F79EFBC}") = "ITCC.HTTP.Server", "ITCC.HTTP.Server\ITCC.HTTP.Server.csproj", "{31655D62-7075-410F-923E-2F636CA67CC2}"
EndProject
Project("{FAE04EC0-301F-11D3-BF4B-00C04F79EFBC}") = "ITCC.HTTP.Client", "ITCC.HTTP.Client\ITCC.HTTP.Client.csproj", "{BC039125-94D3-49C6-9BC0-1B5692F95ECB}"
EndProject
Project("{FAE04EC0-301F-11D3-BF4B-00C04F79EFBC}") = "ITCC.HTTP.Common", "ITCC.HTTP.Common\ITCC.HTTP.Common.csproj", "{F863E912-CC9D-47C5-9EA0-A110961CF234}"
EndProject
Global
	GlobalSection(SolutionConfigurationPlatforms) = preSolution
		Debug|Any CPU = Debug|Any CPU
		Debug|x64 = Debug|x64
		Debug|x86 = Debug|x86
		Release|Any CPU = Release|Any CPU
		Release|x64 = Release|x64
		Release|x86 = Release|x86
	EndGlobalSection
	GlobalSection(ProjectConfigurationPlatforms) = postSolution
		{BBC8B7E2-BFC2-4B03-BD01-5B6BD10649C1}.Debug|Any CPU.ActiveCfg = Debug|Any CPU
		{BBC8B7E2-BFC2-4B03-BD01-5B6BD10649C1}.Debug|Any CPU.Build.0 = Debug|Any CPU
		{BBC8B7E2-BFC2-4B03-BD01-5B6BD10649C1}.Debug|x64.ActiveCfg = Debug|x64
		{BBC8B7E2-BFC2-4B03-BD01-5B6BD10649C1}.Debug|x64.Build.0 = Debug|x64
		{BBC8B7E2-BFC2-4B03-BD01-5B6BD10649C1}.Debug|x86.ActiveCfg = Debug|x86
		{BBC8B7E2-BFC2-4B03-BD01-5B6BD10649C1}.Debug|x86.Build.0 = Debug|x86
		{BBC8B7E2-BFC2-4B03-BD01-5B6BD10649C1}.Release|Any CPU.ActiveCfg = Release|Any CPU
		{BBC8B7E2-BFC2-4B03-BD01-5B6BD10649C1}.Release|Any CPU.Build.0 = Release|Any CPU
		{BBC8B7E2-BFC2-4B03-BD01-5B6BD10649C1}.Release|x64.ActiveCfg = Release|x64
		{BBC8B7E2-BFC2-4B03-BD01-5B6BD10649C1}.Release|x64.Build.0 = Release|x64
		{BBC8B7E2-BFC2-4B03-BD01-5B6BD10649C1}.Release|x86.ActiveCfg = Release|x86
		{BBC8B7E2-BFC2-4B03-BD01-5B6BD10649C1}.Release|x86.Build.0 = Release|x86
		{097A520A-5AB7-45A1-86BA-F094C698F5E1}.Debug|Any CPU.ActiveCfg = Debug|Any CPU
		{097A520A-5AB7-45A1-86BA-F094C698F5E1}.Debug|Any CPU.Build.0 = Debug|Any CPU
		{097A520A-5AB7-45A1-86BA-F094C698F5E1}.Debug|x64.ActiveCfg = Debug|x64
		{097A520A-5AB7-45A1-86BA-F094C698F5E1}.Debug|x64.Build.0 = Debug|x64
		{097A520A-5AB7-45A1-86BA-F094C698F5E1}.Debug|x86.ActiveCfg = Debug|x86
		{097A520A-5AB7-45A1-86BA-F094C698F5E1}.Debug|x86.Build.0 = Debug|x86
		{097A520A-5AB7-45A1-86BA-F094C698F5E1}.Release|Any CPU.ActiveCfg = Release|Any CPU
		{097A520A-5AB7-45A1-86BA-F094C698F5E1}.Release|Any CPU.Build.0 = Release|Any CPU
		{097A520A-5AB7-45A1-86BA-F094C698F5E1}.Release|x64.ActiveCfg = Release|x64
		{097A520A-5AB7-45A1-86BA-F094C698F5E1}.Release|x64.Build.0 = Release|x64
		{097A520A-5AB7-45A1-86BA-F094C698F5E1}.Release|x86.ActiveCfg = Release|x86
		{097A520A-5AB7-45A1-86BA-F094C698F5E1}.Release|x86.Build.0 = Release|x86
		{07D36841-8876-437C-B7A4-CBF1012513EB}.Debug|Any CPU.ActiveCfg = Debug|Any CPU
		{07D36841-8876-437C-B7A4-CBF1012513EB}.Debug|Any CPU.Build.0 = Debug|Any CPU
		{07D36841-8876-437C-B7A4-CBF1012513EB}.Debug|x64.ActiveCfg = Debug|x64
		{07D36841-8876-437C-B7A4-CBF1012513EB}.Debug|x64.Build.0 = Debug|x64
		{07D36841-8876-437C-B7A4-CBF1012513EB}.Debug|x86.ActiveCfg = Debug|x86
		{07D36841-8876-437C-B7A4-CBF1012513EB}.Debug|x86.Build.0 = Debug|x86
		{07D36841-8876-437C-B7A4-CBF1012513EB}.Release|Any CPU.ActiveCfg = Release|Any CPU
		{07D36841-8876-437C-B7A4-CBF1012513EB}.Release|Any CPU.Build.0 = Release|Any CPU
		{07D36841-8876-437C-B7A4-CBF1012513EB}.Release|x64.ActiveCfg = Release|x64
		{07D36841-8876-437C-B7A4-CBF1012513EB}.Release|x64.Build.0 = Release|x64
		{07D36841-8876-437C-B7A4-CBF1012513EB}.Release|x86.ActiveCfg = Release|x86
		{07D36841-8876-437C-B7A4-CBF1012513EB}.Release|x86.Build.0 = Release|x86
		{B2BA0903-819E-429B-9206-B93B67A29F4C}.Debug|Any CPU.ActiveCfg = Debug|Any CPU
		{B2BA0903-819E-429B-9206-B93B67A29F4C}.Debug|Any CPU.Build.0 = Debug|Any CPU
		{B2BA0903-819E-429B-9206-B93B67A29F4C}.Debug|x64.ActiveCfg = Debug|x64
		{B2BA0903-819E-429B-9206-B93B67A29F4C}.Debug|x64.Build.0 = Debug|x64
		{B2BA0903-819E-429B-9206-B93B67A29F4C}.Debug|x86.ActiveCfg = Debug|x86
		{B2BA0903-819E-429B-9206-B93B67A29F4C}.Debug|x86.Build.0 = Debug|x86
		{B2BA0903-819E-429B-9206-B93B67A29F4C}.Release|Any CPU.ActiveCfg = Release|Any CPU
		{B2BA0903-819E-429B-9206-B93B67A29F4C}.Release|Any CPU.Build.0 = Release|Any CPU
		{B2BA0903-819E-429B-9206-B93B67A29F4C}.Release|x64.ActiveCfg = Release|x64
		{B2BA0903-819E-429B-9206-B93B67A29F4C}.Release|x64.Build.0 = Release|x64
		{B2BA0903-819E-429B-9206-B93B67A29F4C}.Release|x86.ActiveCfg = Release|x86
		{B2BA0903-819E-429B-9206-B93B67A29F4C}.Release|x86.Build.0 = Release|x86
		{E0D80DB9-1D0E-4FDC-BA31-4D0DEB76BB56}.Debug|Any CPU.ActiveCfg = Debug|Any CPU
		{E0D80DB9-1D0E-4FDC-BA31-4D0DEB76BB56}.Debug|Any CPU.Build.0 = Debug|Any CPU
		{E0D80DB9-1D0E-4FDC-BA31-4D0DEB76BB56}.Debug|x64.ActiveCfg = Debug|x64
		{E0D80DB9-1D0E-4FDC-BA31-4D0DEB76BB56}.Debug|x64.Build.0 = Debug|x64
		{E0D80DB9-1D0E-4FDC-BA31-4D0DEB76BB56}.Debug|x86.ActiveCfg = Debug|x86
		{E0D80DB9-1D0E-4FDC-BA31-4D0DEB76BB56}.Debug|x86.Build.0 = Debug|x86
		{E0D80DB9-1D0E-4FDC-BA31-4D0DEB76BB56}.Release|Any CPU.ActiveCfg = Release|Any CPU
		{E0D80DB9-1D0E-4FDC-BA31-4D0DEB76BB56}.Release|Any CPU.Build.0 = Release|Any CPU
		{E0D80DB9-1D0E-4FDC-BA31-4D0DEB76BB56}.Release|x64.ActiveCfg = Release|x64
		{E0D80DB9-1D0E-4FDC-BA31-4D0DEB76BB56}.Release|x64.Build.0 = Release|x64
		{E0D80DB9-1D0E-4FDC-BA31-4D0DEB76BB56}.Release|x86.ActiveCfg = Release|x86
		{E0D80DB9-1D0E-4FDC-BA31-4D0DEB76BB56}.Release|x86.Build.0 = Release|x86
		{FC73DFCF-4D11-4400-BB98-5115CA2608E1}.Debug|Any CPU.ActiveCfg = Debug|Any CPU
		{FC73DFCF-4D11-4400-BB98-5115CA2608E1}.Debug|Any CPU.Build.0 = Debug|Any CPU
		{FC73DFCF-4D11-4400-BB98-5115CA2608E1}.Debug|x64.ActiveCfg = Debug|x64
		{FC73DFCF-4D11-4400-BB98-5115CA2608E1}.Debug|x64.Build.0 = Debug|x64
		{FC73DFCF-4D11-4400-BB98-5115CA2608E1}.Debug|x86.ActiveCfg = Debug|x86
		{FC73DFCF-4D11-4400-BB98-5115CA2608E1}.Debug|x86.Build.0 = Debug|x86
		{FC73DFCF-4D11-4400-BB98-5115CA2608E1}.Release|Any CPU.ActiveCfg = Release|Any CPU
		{FC73DFCF-4D11-4400-BB98-5115CA2608E1}.Release|Any CPU.Build.0 = Release|Any CPU
		{FC73DFCF-4D11-4400-BB98-5115CA2608E1}.Release|x64.ActiveCfg = Release|x64
		{FC73DFCF-4D11-4400-BB98-5115CA2608E1}.Release|x64.Build.0 = Release|x64
		{FC73DFCF-4D11-4400-BB98-5115CA2608E1}.Release|x86.ActiveCfg = Release|x86
		{FC73DFCF-4D11-4400-BB98-5115CA2608E1}.Release|x86.Build.0 = Release|x86
		{31655D62-7075-410F-923E-2F636CA67CC2}.Debug|Any CPU.ActiveCfg = Debug|Any CPU
		{31655D62-7075-410F-923E-2F636CA67CC2}.Debug|Any CPU.Build.0 = Debug|Any CPU
		{31655D62-7075-410F-923E-2F636CA67CC2}.Debug|x64.ActiveCfg = Debug|x64
		{31655D62-7075-410F-923E-2F636CA67CC2}.Debug|x64.Build.0 = Debug|x64
		{31655D62-7075-410F-923E-2F636CA67CC2}.Debug|x86.ActiveCfg = Debug|x86
		{31655D62-7075-410F-923E-2F636CA67CC2}.Debug|x86.Build.0 = Debug|x86
		{31655D62-7075-410F-923E-2F636CA67CC2}.Release|Any CPU.ActiveCfg = Release|Any CPU
		{31655D62-7075-410F-923E-2F636CA67CC2}.Release|Any CPU.Build.0 = Release|Any CPU
		{31655D62-7075-410F-923E-2F636CA67CC2}.Release|x64.ActiveCfg = Release|x64
		{31655D62-7075-410F-923E-2F636CA67CC2}.Release|x64.Build.0 = Release|x64
		{31655D62-7075-410F-923E-2F636CA67CC2}.Release|x86.ActiveCfg = Release|x86
		{31655D62-7075-410F-923E-2F636CA67CC2}.Release|x86.Build.0 = Release|x86
		{BC039125-94D3-49C6-9BC0-1B5692F95ECB}.Debug|Any CPU.ActiveCfg = Debug|Any CPU
		{BC039125-94D3-49C6-9BC0-1B5692F95ECB}.Debug|Any CPU.Build.0 = Debug|Any CPU
		{BC039125-94D3-49C6-9BC0-1B5692F95ECB}.Debug|x64.ActiveCfg = Debug|x64
		{BC039125-94D3-49C6-9BC0-1B5692F95ECB}.Debug|x64.Build.0 = Debug|x64
		{BC039125-94D3-49C6-9BC0-1B5692F95ECB}.Debug|x86.ActiveCfg = Debug|x86
		{BC039125-94D3-49C6-9BC0-1B5692F95ECB}.Debug|x86.Build.0 = Debug|x86
		{BC039125-94D3-49C6-9BC0-1B5692F95ECB}.Release|Any CPU.ActiveCfg = Release|Any CPU
		{BC039125-94D3-49C6-9BC0-1B5692F95ECB}.Release|Any CPU.Build.0 = Release|Any CPU
		{BC039125-94D3-49C6-9BC0-1B5692F95ECB}.Release|x64.ActiveCfg = Release|x64
		{BC039125-94D3-49C6-9BC0-1B5692F95ECB}.Release|x64.Build.0 = Release|x64
		{BC039125-94D3-49C6-9BC0-1B5692F95ECB}.Release|x86.ActiveCfg = Release|x86
		{BC039125-94D3-49C6-9BC0-1B5692F95ECB}.Release|x86.Build.0 = Release|x86
		{F863E912-CC9D-47C5-9EA0-A110961CF234}.Debug|Any CPU.ActiveCfg = Debug|Any CPU
		{F863E912-CC9D-47C5-9EA0-A110961CF234}.Debug|Any CPU.Build.0 = Debug|Any CPU
		{F863E912-CC9D-47C5-9EA0-A110961CF234}.Debug|x64.ActiveCfg = Debug|x64
		{F863E912-CC9D-47C5-9EA0-A110961CF234}.Debug|x64.Build.0 = Debug|x64
		{F863E912-CC9D-47C5-9EA0-A110961CF234}.Debug|x86.ActiveCfg = Debug|x86
		{F863E912-CC9D-47C5-9EA0-A110961CF234}.Debug|x86.Build.0 = Debug|x86
		{F863E912-CC9D-47C5-9EA0-A110961CF234}.Release|Any CPU.ActiveCfg = Release|Any CPU
		{F863E912-CC9D-47C5-9EA0-A110961CF234}.Release|Any CPU.Build.0 = Release|Any CPU
		{F863E912-CC9D-47C5-9EA0-A110961CF234}.Release|x64.ActiveCfg = Release|x64
		{F863E912-CC9D-47C5-9EA0-A110961CF234}.Release|x64.Build.0 = Release|x64
		{F863E912-CC9D-47C5-9EA0-A110961CF234}.Release|x86.ActiveCfg = Release|x86
		{F863E912-CC9D-47C5-9EA0-A110961CF234}.Release|x86.Build.0 = Release|x86
	EndGlobalSection
	GlobalSection(SolutionProperties) = preSolution
		HideSolutionNode = FALSE
	EndGlobalSection
EndGlobal
