
Microsoft Visual Studio Solution File, Format Version 12.00
# Visual Studio 14
VisualStudioVersion = 14.0.25420.1
MinimumVisualStudioVersion = 10.0.40219.1
Project("{FAE04EC0-301F-11D3-BF4B-00C04F79EFBC}") = "ITCC.Logging.Windows", "src\ITCC.Logging.Windows\ITCC.Logging.Windows.csproj", "{BBC8B7E2-BFC2-4B03-BD01-5B6BD10649C1}"
EndProject
Project("{2150E333-8FDC-42A3-9474-1A3956D46DE8}") = "Solution Items", "Solution Items", "{B2F9C501-ED7C-4A91-8974-32D81A3C3B60}"
	ProjectSection(SolutionItems) = preProject
		CHANGELOG.md = CHANGELOG.md
		LICENSE.md = LICENSE.md
		README.md = README.md
	EndProjectSection
EndProject
Project("{FAE04EC0-301F-11D3-BF4B-00C04F79EFBC}") = "ITCC.HTTP.Testing", "tests\ITCC.HTTP.Testing\ITCC.HTTP.Testing.csproj", "{097A520A-5AB7-45A1-86BA-F094C698F5E1}"
EndProject
Project("{FAE04EC0-301F-11D3-BF4B-00C04F79EFBC}") = "ITCC.WPF", "src\ITCC.WPF\ITCC.WPF.csproj", "{07D36841-8876-437C-B7A4-CBF1012513EB}"
EndProject
Project("{FAE04EC0-301F-11D3-BF4B-00C04F79EFBC}") = "ITCC.WPF.Testing", "tests\ITCC.WPF.Testing\ITCC.WPF.Testing.csproj", "{B2BA0903-819E-429B-9206-B93B67A29F4C}"
	ProjectSection(ProjectDependencies) = postProject
		{FC73DFCF-4D11-4400-BB98-5115CA2608E1} = {FC73DFCF-4D11-4400-BB98-5115CA2608E1}
	EndProjectSection
EndProject
Project("{FAE04EC0-301F-11D3-BF4B-00C04F79EFBC}") = "ITCC.Geocoding", "src\ITCC.Geocoding\ITCC.Geocoding.csproj", "{E0D80DB9-1D0E-4FDC-BA31-4D0DEB76BB56}"
EndProject
Project("{FAE04EC0-301F-11D3-BF4B-00C04F79EFBC}") = "ITCC.Logging.Core", "src\ITCC.Logging.Core\ITCC.Logging.Core.csproj", "{FC73DFCF-4D11-4400-BB98-5115CA2608E1}"
EndProject
Project("{FAE04EC0-301F-11D3-BF4B-00C04F79EFBC}") = "ITCC.HTTP.SslConfigUtil.Core", "src\ITCC.HTTP.SslConfigUtil.Core\ITCC.HTTP.SslConfigUtil.Core.csproj", "{01DE0C5B-72D2-4622-9636-4F9257BD59D2}"
	ProjectSection(ProjectDependencies) = postProject
		{FC73DFCF-4D11-4400-BB98-5115CA2608E1} = {FC73DFCF-4D11-4400-BB98-5115CA2608E1}
	EndProjectSection
EndProject
Project("{FAE04EC0-301F-11D3-BF4B-00C04F79EFBC}") = "ITCC.HTTP.SslConfigUtil.Console", "src\ITCC.HTTP.SslConfigUtil.Console\ITCC.HTTP.SslConfigUtil.Console.csproj", "{1C71C0D4-F18B-4FFE-8408-84DB4E5C6FD1}"
	ProjectSection(ProjectDependencies) = postProject
		{01DE0C5B-72D2-4622-9636-4F9257BD59D2} = {01DE0C5B-72D2-4622-9636-4F9257BD59D2}
	EndProjectSection
EndProject
Project("{FAE04EC0-301F-11D3-BF4B-00C04F79EFBC}") = "ITCC.HTTP.SslConfigUtil.GUI", "src\ITCC.HTTP.SslConfigUtil.GUI\ITCC.HTTP.SslConfigUtil.GUI.csproj", "{39C1A6C6-469F-4CC0-9C38-44AC24C5BA01}"
	ProjectSection(ProjectDependencies) = postProject
		{01DE0C5B-72D2-4622-9636-4F9257BD59D2} = {01DE0C5B-72D2-4622-9636-4F9257BD59D2}
	EndProjectSection
EndProject
Project("{FAE04EC0-301F-11D3-BF4B-00C04F79EFBC}") = "ITCC.HTTP.Server", "src\ITCC.HTTP.Server\ITCC.HTTP.Server.csproj", "{31655D62-7075-410F-923E-2F636CA67CC2}"
EndProject
Project("{FAE04EC0-301F-11D3-BF4B-00C04F79EFBC}") = "ITCC.HTTP.Client", "src\ITCC.HTTP.Client\ITCC.HTTP.Client.csproj", "{BC039125-94D3-49C6-9BC0-1B5692F95ECB}"
EndProject
Project("{FAE04EC0-301F-11D3-BF4B-00C04F79EFBC}") = "ITCC.Logging.Reader.Core", "src\ITCC.Logging.Reader.Core\ITCC.Logging.Reader.Core.csproj", "{F40F3A35-170F-4E70-9E01-9BF4A950B6AF}"
EndProject
Project("{FAE04EC0-301F-11D3-BF4B-00C04F79EFBC}") = "ITCC.Logging.Reader.WPF", "src\ITCC.Logging.Reader.WPF\ITCC.Logging.Reader.WPF.csproj", "{1C9EAE3D-8491-44ED-B10D-779E08CA99D8}"
EndProject
Project("{FAE04EC0-301F-11D3-BF4B-00C04F79EFBC}") = "ITCC.Logging.Testing", "tests\ITCC.Logging.Testing\ITCC.Logging.Testing.csproj", "{70C84780-5CF1-4AB7-9ED4-5AEF50DBDA3E}"
EndProject
Project("{FAE04EC0-301F-11D3-BF4B-00C04F79EFBC}") = "ITCC.HTTP.Server.Testing", "tests\ITCC.HTTP.Server.Testing\ITCC.HTTP.Server.Testing.csproj", "{29F5B081-9F1C-4DFA-B497-1CB38ACDEEE0}"
EndProject
Project("{FAE04EC0-301F-11D3-BF4B-00C04F79EFBC}") = "ITCC.HTTP.API", "src\ITCC.HTTP.API\ITCC.HTTP.API.csproj", "{A0AD6ED0-19AF-4980-AAF8-BA3A4A12A46D}"
EndProject
Project("{FAE04EC0-301F-11D3-BF4B-00C04F79EFBC}") = "ITCC.HTTP.API.Testing", "tests\ITCC.HTTP.API.Testing\ITCC.HTTP.API.Testing.csproj", "{A4D07E42-D588-4E9C-B83A-E37A5B97CB4F}"
EndProject
Project("{FAE04EC0-301F-11D3-BF4B-00C04F79EFBC}") = "ITCC.UI", "src\ITCC.UI\ITCC.UI.csproj", "{54796870-23EC-43D3-A427-50A894427D55}"
EndProject
Project("{2150E333-8FDC-42A3-9474-1A3956D46DE8}") = "src", "src", "{70D9279B-1EC4-4231-9D0C-8AEF545E4C24}"
EndProject
Project("{2150E333-8FDC-42A3-9474-1A3956D46DE8}") = "tests", "tests", "{5E0CB590-23FB-4102-A6F2-7370BD0A6D98}"
EndProject
Project("{2150E333-8FDC-42A3-9474-1A3956D46DE8}") = "Geocoding", "Geocoding", "{D2B29298-99BB-4F03-A9AE-5B3F90C1045D}"
EndProject
Project("{2150E333-8FDC-42A3-9474-1A3956D46DE8}") = "HTTP", "HTTP", "{BE10BDCB-60B6-48A2-AC6E-B0060503384A}"
EndProject
Project("{2150E333-8FDC-42A3-9474-1A3956D46DE8}") = "Logging", "Logging", "{DAE40955-F267-426C-B72D-DDCC741C19F3}"
EndProject
Project("{2150E333-8FDC-42A3-9474-1A3956D46DE8}") = "UI", "UI", "{15FBA76F-D467-422A-AC87-BADCB9813228}"
EndProject
Project("{2150E333-8FDC-42A3-9474-1A3956D46DE8}") = "WPF", "WPF", "{AF1DBCD6-6D7B-4D60-9C16-6FF87E244BBB}"
EndProject
Project("{2150E333-8FDC-42A3-9474-1A3956D46DE8}") = "Integration", "Integration", "{D34681B5-1982-4B58-91C9-8870201849F5}"
EndProject
Project("{FAE04EC0-301F-11D3-BF4B-00C04F79EFBC}") = "ITCC.HTTP.API.Documentation", "src\ITCC.HTTP.API.Documentation\ITCC.HTTP.API.Documentation.csproj", "{38FDA7E8-E503-4654-B256-E0DA253F1ECC}"
EndProject
Project("{FAE04EC0-301F-11D3-BF4B-00C04F79EFBC}") = "ITCC.HTTP.Api.Documentation.Testing", "tests\ITCC.HTTP.Api.Documentation.Testing\ITCC.HTTP.Api.Documentation.Testing.csproj", "{874FAC76-179E-4394-AE9B-8E34535B32E0}"
EndProject
Project("{2150E333-8FDC-42A3-9474-1A3956D46DE8}") = "Unit", "Unit", "{6875C5A6-2594-4D77-BD9F-139238588DE0}"
EndProject
Project("{FAE04EC0-301F-11D3-BF4B-00C04F79EFBC}") = "ITCC.HTTP.Common", "src\ITCC.HTTP.Common\ITCC.HTTP.Common.csproj", "{34EDC98B-827D-4419-AA2D-9FDCACAA043D}"
EndProject
Project("{FAE04EC0-301F-11D3-BF4B-00C04F79EFBC}") = "ITCC.HTTP.API.Samples.Testing", "tests\ITCC.HTTP.API.Samples.Testing\ITCC.HTTP.API.Samples.Testing.csproj", "{0670E62A-B54F-4480-B91A-8D4A594F762B}"
EndProject
Global
	GlobalSection(SolutionConfigurationPlatforms) = preSolution
		Debug|Any CPU = Debug|Any CPU
		Debug|x64 = Debug|x64
		Debug|x86 = Debug|x86
		Release|Any CPU = Release|Any CPU
		Release|x64 = Release|x64
		Release|x86 = Release|x86
	EndGlobalSection
	GlobalSection(ProjectConfigurationPlatforms) = postSolution
		{BBC8B7E2-BFC2-4B03-BD01-5B6BD10649C1}.Debug|Any CPU.ActiveCfg = Debug|Any CPU
		{BBC8B7E2-BFC2-4B03-BD01-5B6BD10649C1}.Debug|Any CPU.Build.0 = Debug|Any CPU
		{BBC8B7E2-BFC2-4B03-BD01-5B6BD10649C1}.Debug|x64.ActiveCfg = Debug|x64
		{BBC8B7E2-BFC2-4B03-BD01-5B6BD10649C1}.Debug|x64.Build.0 = Debug|x64
		{BBC8B7E2-BFC2-4B03-BD01-5B6BD10649C1}.Debug|x86.ActiveCfg = Debug|x86
		{BBC8B7E2-BFC2-4B03-BD01-5B6BD10649C1}.Debug|x86.Build.0 = Debug|x86
		{BBC8B7E2-BFC2-4B03-BD01-5B6BD10649C1}.Release|Any CPU.ActiveCfg = Release|Any CPU
		{BBC8B7E2-BFC2-4B03-BD01-5B6BD10649C1}.Release|Any CPU.Build.0 = Release|Any CPU
		{BBC8B7E2-BFC2-4B03-BD01-5B6BD10649C1}.Release|x64.ActiveCfg = Release|x64
		{BBC8B7E2-BFC2-4B03-BD01-5B6BD10649C1}.Release|x64.Build.0 = Release|x64
		{BBC8B7E2-BFC2-4B03-BD01-5B6BD10649C1}.Release|x86.ActiveCfg = Release|x86
		{BBC8B7E2-BFC2-4B03-BD01-5B6BD10649C1}.Release|x86.Build.0 = Release|x86
		{097A520A-5AB7-45A1-86BA-F094C698F5E1}.Debug|Any CPU.ActiveCfg = Debug|Any CPU
		{097A520A-5AB7-45A1-86BA-F094C698F5E1}.Debug|Any CPU.Build.0 = Debug|Any CPU
		{097A520A-5AB7-45A1-86BA-F094C698F5E1}.Debug|x64.ActiveCfg = Debug|x64
		{097A520A-5AB7-45A1-86BA-F094C698F5E1}.Debug|x64.Build.0 = Debug|x64
		{097A520A-5AB7-45A1-86BA-F094C698F5E1}.Debug|x86.ActiveCfg = Debug|x86
		{097A520A-5AB7-45A1-86BA-F094C698F5E1}.Debug|x86.Build.0 = Debug|x86
		{097A520A-5AB7-45A1-86BA-F094C698F5E1}.Release|Any CPU.ActiveCfg = Release|Any CPU
		{097A520A-5AB7-45A1-86BA-F094C698F5E1}.Release|Any CPU.Build.0 = Release|Any CPU
		{097A520A-5AB7-45A1-86BA-F094C698F5E1}.Release|x64.ActiveCfg = Release|x64
		{097A520A-5AB7-45A1-86BA-F094C698F5E1}.Release|x64.Build.0 = Release|x64
		{097A520A-5AB7-45A1-86BA-F094C698F5E1}.Release|x86.ActiveCfg = Release|x86
		{097A520A-5AB7-45A1-86BA-F094C698F5E1}.Release|x86.Build.0 = Release|x86
		{07D36841-8876-437C-B7A4-CBF1012513EB}.Debug|Any CPU.ActiveCfg = Debug|Any CPU
		{07D36841-8876-437C-B7A4-CBF1012513EB}.Debug|Any CPU.Build.0 = Debug|Any CPU
		{07D36841-8876-437C-B7A4-CBF1012513EB}.Debug|x64.ActiveCfg = Debug|x64
		{07D36841-8876-437C-B7A4-CBF1012513EB}.Debug|x64.Build.0 = Debug|x64
		{07D36841-8876-437C-B7A4-CBF1012513EB}.Debug|x86.ActiveCfg = Debug|x86
		{07D36841-8876-437C-B7A4-CBF1012513EB}.Debug|x86.Build.0 = Debug|x86
		{07D36841-8876-437C-B7A4-CBF1012513EB}.Release|Any CPU.ActiveCfg = Release|Any CPU
		{07D36841-8876-437C-B7A4-CBF1012513EB}.Release|Any CPU.Build.0 = Release|Any CPU
		{07D36841-8876-437C-B7A4-CBF1012513EB}.Release|x64.ActiveCfg = Release|x64
		{07D36841-8876-437C-B7A4-CBF1012513EB}.Release|x64.Build.0 = Release|x64
		{07D36841-8876-437C-B7A4-CBF1012513EB}.Release|x86.ActiveCfg = Release|x86
		{07D36841-8876-437C-B7A4-CBF1012513EB}.Release|x86.Build.0 = Release|x86
		{B2BA0903-819E-429B-9206-B93B67A29F4C}.Debug|Any CPU.ActiveCfg = Debug|Any CPU
		{B2BA0903-819E-429B-9206-B93B67A29F4C}.Debug|Any CPU.Build.0 = Debug|Any CPU
		{B2BA0903-819E-429B-9206-B93B67A29F4C}.Debug|x64.ActiveCfg = Debug|x64
		{B2BA0903-819E-429B-9206-B93B67A29F4C}.Debug|x64.Build.0 = Debug|x64
		{B2BA0903-819E-429B-9206-B93B67A29F4C}.Debug|x86.ActiveCfg = Debug|x86
		{B2BA0903-819E-429B-9206-B93B67A29F4C}.Debug|x86.Build.0 = Debug|x86
		{B2BA0903-819E-429B-9206-B93B67A29F4C}.Release|Any CPU.ActiveCfg = Release|Any CPU
		{B2BA0903-819E-429B-9206-B93B67A29F4C}.Release|Any CPU.Build.0 = Release|Any CPU
		{B2BA0903-819E-429B-9206-B93B67A29F4C}.Release|x64.ActiveCfg = Release|x64
		{B2BA0903-819E-429B-9206-B93B67A29F4C}.Release|x64.Build.0 = Release|x64
		{B2BA0903-819E-429B-9206-B93B67A29F4C}.Release|x86.ActiveCfg = Release|x86
		{B2BA0903-819E-429B-9206-B93B67A29F4C}.Release|x86.Build.0 = Release|x86
		{E0D80DB9-1D0E-4FDC-BA31-4D0DEB76BB56}.Debug|Any CPU.ActiveCfg = Debug|Any CPU
		{E0D80DB9-1D0E-4FDC-BA31-4D0DEB76BB56}.Debug|Any CPU.Build.0 = Debug|Any CPU
		{E0D80DB9-1D0E-4FDC-BA31-4D0DEB76BB56}.Debug|x64.ActiveCfg = Debug|x64
		{E0D80DB9-1D0E-4FDC-BA31-4D0DEB76BB56}.Debug|x64.Build.0 = Debug|x64
		{E0D80DB9-1D0E-4FDC-BA31-4D0DEB76BB56}.Debug|x86.ActiveCfg = Debug|x86
		{E0D80DB9-1D0E-4FDC-BA31-4D0DEB76BB56}.Debug|x86.Build.0 = Debug|x86
		{E0D80DB9-1D0E-4FDC-BA31-4D0DEB76BB56}.Release|Any CPU.ActiveCfg = Release|Any CPU
		{E0D80DB9-1D0E-4FDC-BA31-4D0DEB76BB56}.Release|Any CPU.Build.0 = Release|Any CPU
		{E0D80DB9-1D0E-4FDC-BA31-4D0DEB76BB56}.Release|x64.ActiveCfg = Release|x64
		{E0D80DB9-1D0E-4FDC-BA31-4D0DEB76BB56}.Release|x64.Build.0 = Release|x64
		{E0D80DB9-1D0E-4FDC-BA31-4D0DEB76BB56}.Release|x86.ActiveCfg = Release|x86
		{E0D80DB9-1D0E-4FDC-BA31-4D0DEB76BB56}.Release|x86.Build.0 = Release|x86
		{FC73DFCF-4D11-4400-BB98-5115CA2608E1}.Debug|Any CPU.ActiveCfg = Debug|Any CPU
		{FC73DFCF-4D11-4400-BB98-5115CA2608E1}.Debug|Any CPU.Build.0 = Debug|Any CPU
		{FC73DFCF-4D11-4400-BB98-5115CA2608E1}.Debug|x64.ActiveCfg = Debug|Any CPU
		{FC73DFCF-4D11-4400-BB98-5115CA2608E1}.Debug|x64.Build.0 = Debug|Any CPU
		{FC73DFCF-4D11-4400-BB98-5115CA2608E1}.Debug|x86.ActiveCfg = Debug|Any CPU
		{FC73DFCF-4D11-4400-BB98-5115CA2608E1}.Debug|x86.Build.0 = Debug|Any CPU
		{FC73DFCF-4D11-4400-BB98-5115CA2608E1}.Release|Any CPU.ActiveCfg = Release|Any CPU
		{FC73DFCF-4D11-4400-BB98-5115CA2608E1}.Release|Any CPU.Build.0 = Release|Any CPU
		{FC73DFCF-4D11-4400-BB98-5115CA2608E1}.Release|x64.ActiveCfg = Release|Any CPU
		{FC73DFCF-4D11-4400-BB98-5115CA2608E1}.Release|x64.Build.0 = Release|Any CPU
		{FC73DFCF-4D11-4400-BB98-5115CA2608E1}.Release|x86.ActiveCfg = Release|Any CPU
		{FC73DFCF-4D11-4400-BB98-5115CA2608E1}.Release|x86.Build.0 = Release|Any CPU
		{01DE0C5B-72D2-4622-9636-4F9257BD59D2}.Debug|Any CPU.ActiveCfg = Debug|Any CPU
		{01DE0C5B-72D2-4622-9636-4F9257BD59D2}.Debug|Any CPU.Build.0 = Debug|Any CPU
		{01DE0C5B-72D2-4622-9636-4F9257BD59D2}.Debug|x64.ActiveCfg = Debug|x64
		{01DE0C5B-72D2-4622-9636-4F9257BD59D2}.Debug|x64.Build.0 = Debug|x64
		{01DE0C5B-72D2-4622-9636-4F9257BD59D2}.Debug|x86.ActiveCfg = Debug|x86
		{01DE0C5B-72D2-4622-9636-4F9257BD59D2}.Debug|x86.Build.0 = Debug|x86
		{01DE0C5B-72D2-4622-9636-4F9257BD59D2}.Release|Any CPU.ActiveCfg = Release|Any CPU
		{01DE0C5B-72D2-4622-9636-4F9257BD59D2}.Release|Any CPU.Build.0 = Release|Any CPU
		{01DE0C5B-72D2-4622-9636-4F9257BD59D2}.Release|x64.ActiveCfg = Release|x64
		{01DE0C5B-72D2-4622-9636-4F9257BD59D2}.Release|x64.Build.0 = Release|x64
		{01DE0C5B-72D2-4622-9636-4F9257BD59D2}.Release|x86.ActiveCfg = Release|x86
		{01DE0C5B-72D2-4622-9636-4F9257BD59D2}.Release|x86.Build.0 = Release|x86
		{1C71C0D4-F18B-4FFE-8408-84DB4E5C6FD1}.Debug|Any CPU.ActiveCfg = Debug|Any CPU
		{1C71C0D4-F18B-4FFE-8408-84DB4E5C6FD1}.Debug|Any CPU.Build.0 = Debug|Any CPU
		{1C71C0D4-F18B-4FFE-8408-84DB4E5C6FD1}.Debug|x64.ActiveCfg = Debug|x64
		{1C71C0D4-F18B-4FFE-8408-84DB4E5C6FD1}.Debug|x64.Build.0 = Debug|x64
		{1C71C0D4-F18B-4FFE-8408-84DB4E5C6FD1}.Debug|x86.ActiveCfg = Debug|x86
		{1C71C0D4-F18B-4FFE-8408-84DB4E5C6FD1}.Debug|x86.Build.0 = Debug|x86
		{1C71C0D4-F18B-4FFE-8408-84DB4E5C6FD1}.Release|Any CPU.ActiveCfg = Release|Any CPU
		{1C71C0D4-F18B-4FFE-8408-84DB4E5C6FD1}.Release|Any CPU.Build.0 = Release|Any CPU
		{1C71C0D4-F18B-4FFE-8408-84DB4E5C6FD1}.Release|x64.ActiveCfg = Release|x64
		{1C71C0D4-F18B-4FFE-8408-84DB4E5C6FD1}.Release|x64.Build.0 = Release|x64
		{1C71C0D4-F18B-4FFE-8408-84DB4E5C6FD1}.Release|x86.ActiveCfg = Release|x86
		{1C71C0D4-F18B-4FFE-8408-84DB4E5C6FD1}.Release|x86.Build.0 = Release|x86
		{39C1A6C6-469F-4CC0-9C38-44AC24C5BA01}.Debug|Any CPU.ActiveCfg = Debug|Any CPU
		{39C1A6C6-469F-4CC0-9C38-44AC24C5BA01}.Debug|Any CPU.Build.0 = Debug|Any CPU
		{39C1A6C6-469F-4CC0-9C38-44AC24C5BA01}.Debug|x64.ActiveCfg = Debug|x64
		{39C1A6C6-469F-4CC0-9C38-44AC24C5BA01}.Debug|x64.Build.0 = Debug|x64
		{39C1A6C6-469F-4CC0-9C38-44AC24C5BA01}.Debug|x86.ActiveCfg = Debug|x86
		{39C1A6C6-469F-4CC0-9C38-44AC24C5BA01}.Debug|x86.Build.0 = Debug|x86
		{39C1A6C6-469F-4CC0-9C38-44AC24C5BA01}.Release|Any CPU.ActiveCfg = Release|Any CPU
		{39C1A6C6-469F-4CC0-9C38-44AC24C5BA01}.Release|Any CPU.Build.0 = Release|Any CPU
		{39C1A6C6-469F-4CC0-9C38-44AC24C5BA01}.Release|x64.ActiveCfg = Release|x64
		{39C1A6C6-469F-4CC0-9C38-44AC24C5BA01}.Release|x64.Build.0 = Release|x64
		{39C1A6C6-469F-4CC0-9C38-44AC24C5BA01}.Release|x86.ActiveCfg = Release|x86
		{39C1A6C6-469F-4CC0-9C38-44AC24C5BA01}.Release|x86.Build.0 = Release|x86
		{31655D62-7075-410F-923E-2F636CA67CC2}.Debug|Any CPU.ActiveCfg = Debug|Any CPU
		{31655D62-7075-410F-923E-2F636CA67CC2}.Debug|Any CPU.Build.0 = Debug|Any CPU
		{31655D62-7075-410F-923E-2F636CA67CC2}.Debug|x64.ActiveCfg = Debug|x64
		{31655D62-7075-410F-923E-2F636CA67CC2}.Debug|x64.Build.0 = Debug|x64
		{31655D62-7075-410F-923E-2F636CA67CC2}.Debug|x86.ActiveCfg = Debug|x86
		{31655D62-7075-410F-923E-2F636CA67CC2}.Debug|x86.Build.0 = Debug|x86
		{31655D62-7075-410F-923E-2F636CA67CC2}.Release|Any CPU.ActiveCfg = Release|Any CPU
		{31655D62-7075-410F-923E-2F636CA67CC2}.Release|Any CPU.Build.0 = Release|Any CPU
		{31655D62-7075-410F-923E-2F636CA67CC2}.Release|x64.ActiveCfg = Release|x64
		{31655D62-7075-410F-923E-2F636CA67CC2}.Release|x64.Build.0 = Release|x64
		{31655D62-7075-410F-923E-2F636CA67CC2}.Release|x86.ActiveCfg = Release|x86
		{31655D62-7075-410F-923E-2F636CA67CC2}.Release|x86.Build.0 = Release|x86
		{BC039125-94D3-49C6-9BC0-1B5692F95ECB}.Debug|Any CPU.ActiveCfg = Debug|Any CPU
		{BC039125-94D3-49C6-9BC0-1B5692F95ECB}.Debug|Any CPU.Build.0 = Debug|Any CPU
		{BC039125-94D3-49C6-9BC0-1B5692F95ECB}.Debug|x64.ActiveCfg = Debug|x64
		{BC039125-94D3-49C6-9BC0-1B5692F95ECB}.Debug|x64.Build.0 = Debug|x64
		{BC039125-94D3-49C6-9BC0-1B5692F95ECB}.Debug|x86.ActiveCfg = Debug|x86
		{BC039125-94D3-49C6-9BC0-1B5692F95ECB}.Debug|x86.Build.0 = Debug|x86
		{BC039125-94D3-49C6-9BC0-1B5692F95ECB}.Release|Any CPU.ActiveCfg = Release|Any CPU
		{BC039125-94D3-49C6-9BC0-1B5692F95ECB}.Release|Any CPU.Build.0 = Release|Any CPU
		{BC039125-94D3-49C6-9BC0-1B5692F95ECB}.Release|x64.ActiveCfg = Release|x64
		{BC039125-94D3-49C6-9BC0-1B5692F95ECB}.Release|x64.Build.0 = Release|x64
		{BC039125-94D3-49C6-9BC0-1B5692F95ECB}.Release|x86.ActiveCfg = Release|x86
		{BC039125-94D3-49C6-9BC0-1B5692F95ECB}.Release|x86.Build.0 = Release|x86
		{F40F3A35-170F-4E70-9E01-9BF4A950B6AF}.Debug|Any CPU.ActiveCfg = Debug|Any CPU
		{F40F3A35-170F-4E70-9E01-9BF4A950B6AF}.Debug|Any CPU.Build.0 = Debug|Any CPU
		{F40F3A35-170F-4E70-9E01-9BF4A950B6AF}.Debug|x64.ActiveCfg = Debug|x64
		{F40F3A35-170F-4E70-9E01-9BF4A950B6AF}.Debug|x64.Build.0 = Debug|x64
		{F40F3A35-170F-4E70-9E01-9BF4A950B6AF}.Debug|x86.ActiveCfg = Debug|x86
		{F40F3A35-170F-4E70-9E01-9BF4A950B6AF}.Debug|x86.Build.0 = Debug|x86
		{F40F3A35-170F-4E70-9E01-9BF4A950B6AF}.Release|Any CPU.ActiveCfg = Release|Any CPU
		{F40F3A35-170F-4E70-9E01-9BF4A950B6AF}.Release|Any CPU.Build.0 = Release|Any CPU
		{F40F3A35-170F-4E70-9E01-9BF4A950B6AF}.Release|x64.ActiveCfg = Release|x64
		{F40F3A35-170F-4E70-9E01-9BF4A950B6AF}.Release|x64.Build.0 = Release|x64
		{F40F3A35-170F-4E70-9E01-9BF4A950B6AF}.Release|x86.ActiveCfg = Release|x86
		{F40F3A35-170F-4E70-9E01-9BF4A950B6AF}.Release|x86.Build.0 = Release|x86
		{1C9EAE3D-8491-44ED-B10D-779E08CA99D8}.Debug|Any CPU.ActiveCfg = Debug|Any CPU
		{1C9EAE3D-8491-44ED-B10D-779E08CA99D8}.Debug|Any CPU.Build.0 = Debug|Any CPU
		{1C9EAE3D-8491-44ED-B10D-779E08CA99D8}.Debug|x64.ActiveCfg = Debug|x64
		{1C9EAE3D-8491-44ED-B10D-779E08CA99D8}.Debug|x64.Build.0 = Debug|x64
		{1C9EAE3D-8491-44ED-B10D-779E08CA99D8}.Debug|x86.ActiveCfg = Debug|x86
		{1C9EAE3D-8491-44ED-B10D-779E08CA99D8}.Debug|x86.Build.0 = Debug|x86
		{1C9EAE3D-8491-44ED-B10D-779E08CA99D8}.Release|Any CPU.ActiveCfg = Release|Any CPU
		{1C9EAE3D-8491-44ED-B10D-779E08CA99D8}.Release|Any CPU.Build.0 = Release|Any CPU
		{1C9EAE3D-8491-44ED-B10D-779E08CA99D8}.Release|x64.ActiveCfg = Release|x64
		{1C9EAE3D-8491-44ED-B10D-779E08CA99D8}.Release|x64.Build.0 = Release|x64
		{1C9EAE3D-8491-44ED-B10D-779E08CA99D8}.Release|x86.ActiveCfg = Release|x86
		{1C9EAE3D-8491-44ED-B10D-779E08CA99D8}.Release|x86.Build.0 = Release|x86
		{70C84780-5CF1-4AB7-9ED4-5AEF50DBDA3E}.Debug|Any CPU.ActiveCfg = Debug|Any CPU
		{70C84780-5CF1-4AB7-9ED4-5AEF50DBDA3E}.Debug|Any CPU.Build.0 = Debug|Any CPU
		{70C84780-5CF1-4AB7-9ED4-5AEF50DBDA3E}.Debug|x64.ActiveCfg = Debug|x64
		{70C84780-5CF1-4AB7-9ED4-5AEF50DBDA3E}.Debug|x64.Build.0 = Debug|x64
		{70C84780-5CF1-4AB7-9ED4-5AEF50DBDA3E}.Debug|x86.ActiveCfg = Debug|x86
		{70C84780-5CF1-4AB7-9ED4-5AEF50DBDA3E}.Debug|x86.Build.0 = Debug|x86
		{70C84780-5CF1-4AB7-9ED4-5AEF50DBDA3E}.Release|Any CPU.ActiveCfg = Release|Any CPU
		{70C84780-5CF1-4AB7-9ED4-5AEF50DBDA3E}.Release|Any CPU.Build.0 = Release|Any CPU
		{70C84780-5CF1-4AB7-9ED4-5AEF50DBDA3E}.Release|x64.ActiveCfg = Release|x64
		{70C84780-5CF1-4AB7-9ED4-5AEF50DBDA3E}.Release|x64.Build.0 = Release|x64
		{70C84780-5CF1-4AB7-9ED4-5AEF50DBDA3E}.Release|x86.ActiveCfg = Release|x86
		{70C84780-5CF1-4AB7-9ED4-5AEF50DBDA3E}.Release|x86.Build.0 = Release|x86
		{29F5B081-9F1C-4DFA-B497-1CB38ACDEEE0}.Debug|Any CPU.ActiveCfg = Debug|Any CPU
		{29F5B081-9F1C-4DFA-B497-1CB38ACDEEE0}.Debug|Any CPU.Build.0 = Debug|Any CPU
		{29F5B081-9F1C-4DFA-B497-1CB38ACDEEE0}.Debug|x64.ActiveCfg = Debug|x64
		{29F5B081-9F1C-4DFA-B497-1CB38ACDEEE0}.Debug|x64.Build.0 = Debug|x64
		{29F5B081-9F1C-4DFA-B497-1CB38ACDEEE0}.Debug|x86.ActiveCfg = Debug|x86
		{29F5B081-9F1C-4DFA-B497-1CB38ACDEEE0}.Debug|x86.Build.0 = Debug|x86
		{29F5B081-9F1C-4DFA-B497-1CB38ACDEEE0}.Release|Any CPU.ActiveCfg = Release|Any CPU
		{29F5B081-9F1C-4DFA-B497-1CB38ACDEEE0}.Release|Any CPU.Build.0 = Release|Any CPU
		{29F5B081-9F1C-4DFA-B497-1CB38ACDEEE0}.Release|x64.ActiveCfg = Release|x64
		{29F5B081-9F1C-4DFA-B497-1CB38ACDEEE0}.Release|x64.Build.0 = Release|x64
		{29F5B081-9F1C-4DFA-B497-1CB38ACDEEE0}.Release|x86.ActiveCfg = Release|x86
		{29F5B081-9F1C-4DFA-B497-1CB38ACDEEE0}.Release|x86.Build.0 = Release|x86
		{A0AD6ED0-19AF-4980-AAF8-BA3A4A12A46D}.Debug|Any CPU.ActiveCfg = Debug|Any CPU
		{A0AD6ED0-19AF-4980-AAF8-BA3A4A12A46D}.Debug|Any CPU.Build.0 = Debug|Any CPU
		{A0AD6ED0-19AF-4980-AAF8-BA3A4A12A46D}.Debug|x64.ActiveCfg = Debug|Any CPU
		{A0AD6ED0-19AF-4980-AAF8-BA3A4A12A46D}.Debug|x64.Build.0 = Debug|Any CPU
		{A0AD6ED0-19AF-4980-AAF8-BA3A4A12A46D}.Debug|x86.ActiveCfg = Debug|Any CPU
		{A0AD6ED0-19AF-4980-AAF8-BA3A4A12A46D}.Debug|x86.Build.0 = Debug|Any CPU
		{A0AD6ED0-19AF-4980-AAF8-BA3A4A12A46D}.Release|Any CPU.ActiveCfg = Release|Any CPU
		{A0AD6ED0-19AF-4980-AAF8-BA3A4A12A46D}.Release|Any CPU.Build.0 = Release|Any CPU
		{A0AD6ED0-19AF-4980-AAF8-BA3A4A12A46D}.Release|x64.ActiveCfg = Release|Any CPU
		{A0AD6ED0-19AF-4980-AAF8-BA3A4A12A46D}.Release|x64.Build.0 = Release|Any CPU
		{A0AD6ED0-19AF-4980-AAF8-BA3A4A12A46D}.Release|x86.ActiveCfg = Release|Any CPU
		{A0AD6ED0-19AF-4980-AAF8-BA3A4A12A46D}.Release|x86.Build.0 = Release|Any CPU
		{A4D07E42-D588-4E9C-B83A-E37A5B97CB4F}.Debug|Any CPU.ActiveCfg = Debug|Any CPU
		{A4D07E42-D588-4E9C-B83A-E37A5B97CB4F}.Debug|Any CPU.Build.0 = Debug|Any CPU
		{A4D07E42-D588-4E9C-B83A-E37A5B97CB4F}.Debug|x64.ActiveCfg = Debug|x64
		{A4D07E42-D588-4E9C-B83A-E37A5B97CB4F}.Debug|x64.Build.0 = Debug|x64
		{A4D07E42-D588-4E9C-B83A-E37A5B97CB4F}.Debug|x86.ActiveCfg = Debug|x86
		{A4D07E42-D588-4E9C-B83A-E37A5B97CB4F}.Debug|x86.Build.0 = Debug|x86
		{A4D07E42-D588-4E9C-B83A-E37A5B97CB4F}.Release|Any CPU.ActiveCfg = Release|Any CPU
		{A4D07E42-D588-4E9C-B83A-E37A5B97CB4F}.Release|Any CPU.Build.0 = Release|Any CPU
		{A4D07E42-D588-4E9C-B83A-E37A5B97CB4F}.Release|x64.ActiveCfg = Release|x64
		{A4D07E42-D588-4E9C-B83A-E37A5B97CB4F}.Release|x64.Build.0 = Release|x64
		{A4D07E42-D588-4E9C-B83A-E37A5B97CB4F}.Release|x86.ActiveCfg = Release|x86
		{A4D07E42-D588-4E9C-B83A-E37A5B97CB4F}.Release|x86.Build.0 = Release|x86
		{54796870-23EC-43D3-A427-50A894427D55}.Debug|Any CPU.ActiveCfg = Debug|Any CPU
		{54796870-23EC-43D3-A427-50A894427D55}.Debug|Any CPU.Build.0 = Debug|Any CPU
		{54796870-23EC-43D3-A427-50A894427D55}.Debug|x64.ActiveCfg = Debug|Any CPU
		{54796870-23EC-43D3-A427-50A894427D55}.Debug|x64.Build.0 = Debug|Any CPU
		{54796870-23EC-43D3-A427-50A894427D55}.Debug|x86.ActiveCfg = Debug|Any CPU
		{54796870-23EC-43D3-A427-50A894427D55}.Debug|x86.Build.0 = Debug|Any CPU
		{54796870-23EC-43D3-A427-50A894427D55}.Release|Any CPU.ActiveCfg = Release|Any CPU
		{54796870-23EC-43D3-A427-50A894427D55}.Release|Any CPU.Build.0 = Release|Any CPU
		{54796870-23EC-43D3-A427-50A894427D55}.Release|x64.ActiveCfg = Release|Any CPU
		{54796870-23EC-43D3-A427-50A894427D55}.Release|x64.Build.0 = Release|Any CPU
		{54796870-23EC-43D3-A427-50A894427D55}.Release|x86.ActiveCfg = Release|Any CPU
		{54796870-23EC-43D3-A427-50A894427D55}.Release|x86.Build.0 = Release|Any CPU
		{38FDA7E8-E503-4654-B256-E0DA253F1ECC}.Debug|Any CPU.ActiveCfg = Debug|Any CPU
		{38FDA7E8-E503-4654-B256-E0DA253F1ECC}.Debug|Any CPU.Build.0 = Debug|Any CPU
		{38FDA7E8-E503-4654-B256-E0DA253F1ECC}.Debug|x64.ActiveCfg = Debug|x64
		{38FDA7E8-E503-4654-B256-E0DA253F1ECC}.Debug|x64.Build.0 = Debug|x64
		{38FDA7E8-E503-4654-B256-E0DA253F1ECC}.Debug|x86.ActiveCfg = Debug|x86
		{38FDA7E8-E503-4654-B256-E0DA253F1ECC}.Debug|x86.Build.0 = Debug|x86
		{38FDA7E8-E503-4654-B256-E0DA253F1ECC}.Release|Any CPU.ActiveCfg = Release|Any CPU
		{38FDA7E8-E503-4654-B256-E0DA253F1ECC}.Release|Any CPU.Build.0 = Release|Any CPU
		{38FDA7E8-E503-4654-B256-E0DA253F1ECC}.Release|x64.ActiveCfg = Release|x64
		{38FDA7E8-E503-4654-B256-E0DA253F1ECC}.Release|x64.Build.0 = Release|x64
		{38FDA7E8-E503-4654-B256-E0DA253F1ECC}.Release|x86.ActiveCfg = Release|x86
		{38FDA7E8-E503-4654-B256-E0DA253F1ECC}.Release|x86.Build.0 = Release|x86
		{874FAC76-179E-4394-AE9B-8E34535B32E0}.Debug|Any CPU.ActiveCfg = Debug|Any CPU
		{874FAC76-179E-4394-AE9B-8E34535B32E0}.Debug|Any CPU.Build.0 = Debug|Any CPU
		{874FAC76-179E-4394-AE9B-8E34535B32E0}.Debug|x64.ActiveCfg = Debug|x64
		{874FAC76-179E-4394-AE9B-8E34535B32E0}.Debug|x64.Build.0 = Debug|x64
		{874FAC76-179E-4394-AE9B-8E34535B32E0}.Debug|x86.ActiveCfg = Debug|x86
		{874FAC76-179E-4394-AE9B-8E34535B32E0}.Debug|x86.Build.0 = Debug|x86
		{874FAC76-179E-4394-AE9B-8E34535B32E0}.Release|Any CPU.ActiveCfg = Release|Any CPU
		{874FAC76-179E-4394-AE9B-8E34535B32E0}.Release|Any CPU.Build.0 = Release|Any CPU
		{874FAC76-179E-4394-AE9B-8E34535B32E0}.Release|x64.ActiveCfg = Release|x64
		{874FAC76-179E-4394-AE9B-8E34535B32E0}.Release|x64.Build.0 = Release|x64
		{874FAC76-179E-4394-AE9B-8E34535B32E0}.Release|x86.ActiveCfg = Release|x86
		{874FAC76-179E-4394-AE9B-8E34535B32E0}.Release|x86.Build.0 = Release|x86
		{34EDC98B-827D-4419-AA2D-9FDCACAA043D}.Debug|Any CPU.ActiveCfg = Debug|Any CPU
		{34EDC98B-827D-4419-AA2D-9FDCACAA043D}.Debug|Any CPU.Build.0 = Debug|Any CPU
		{34EDC98B-827D-4419-AA2D-9FDCACAA043D}.Debug|x64.ActiveCfg = Debug|Any CPU
		{34EDC98B-827D-4419-AA2D-9FDCACAA043D}.Debug|x64.Build.0 = Debug|Any CPU
		{34EDC98B-827D-4419-AA2D-9FDCACAA043D}.Debug|x86.ActiveCfg = Debug|Any CPU
		{34EDC98B-827D-4419-AA2D-9FDCACAA043D}.Debug|x86.Build.0 = Debug|Any CPU
		{34EDC98B-827D-4419-AA2D-9FDCACAA043D}.Release|Any CPU.ActiveCfg = Release|Any CPU
		{34EDC98B-827D-4419-AA2D-9FDCACAA043D}.Release|Any CPU.Build.0 = Release|Any CPU
		{34EDC98B-827D-4419-AA2D-9FDCACAA043D}.Release|x64.ActiveCfg = Release|Any CPU
		{34EDC98B-827D-4419-AA2D-9FDCACAA043D}.Release|x64.Build.0 = Release|Any CPU
		{34EDC98B-827D-4419-AA2D-9FDCACAA043D}.Release|x86.ActiveCfg = Release|Any CPU
		{34EDC98B-827D-4419-AA2D-9FDCACAA043D}.Release|x86.Build.0 = Release|Any CPU
		{0670E62A-B54F-4480-B91A-8D4A594F762B}.Debug|Any CPU.ActiveCfg = Debug|Any CPU
		{0670E62A-B54F-4480-B91A-8D4A594F762B}.Debug|Any CPU.Build.0 = Debug|Any CPU
		{0670E62A-B54F-4480-B91A-8D4A594F762B}.Debug|x64.ActiveCfg = Debug|Any CPU
		{0670E62A-B54F-4480-B91A-8D4A594F762B}.Debug|x64.Build.0 = Debug|Any CPU
		{0670E62A-B54F-4480-B91A-8D4A594F762B}.Debug|x86.ActiveCfg = Debug|Any CPU
		{0670E62A-B54F-4480-B91A-8D4A594F762B}.Debug|x86.Build.0 = Debug|Any CPU
		{0670E62A-B54F-4480-B91A-8D4A594F762B}.Release|Any CPU.ActiveCfg = Release|Any CPU
		{0670E62A-B54F-4480-B91A-8D4A594F762B}.Release|Any CPU.Build.0 = Release|Any CPU
		{0670E62A-B54F-4480-B91A-8D4A594F762B}.Release|x64.ActiveCfg = Release|Any CPU
		{0670E62A-B54F-4480-B91A-8D4A594F762B}.Release|x64.Build.0 = Release|Any CPU
		{0670E62A-B54F-4480-B91A-8D4A594F762B}.Release|x86.ActiveCfg = Release|Any CPU
		{0670E62A-B54F-4480-B91A-8D4A594F762B}.Release|x86.Build.0 = Release|Any CPU
	EndGlobalSection
	GlobalSection(SolutionProperties) = preSolution
		HideSolutionNode = FALSE
	EndGlobalSection
	GlobalSection(NestedProjects) = preSolution
		{BBC8B7E2-BFC2-4B03-BD01-5B6BD10649C1} = {DAE40955-F267-426C-B72D-DDCC741C19F3}
		{097A520A-5AB7-45A1-86BA-F094C698F5E1} = {D34681B5-1982-4B58-91C9-8870201849F5}
		{07D36841-8876-437C-B7A4-CBF1012513EB} = {AF1DBCD6-6D7B-4D60-9C16-6FF87E244BBB}
		{B2BA0903-819E-429B-9206-B93B67A29F4C} = {D34681B5-1982-4B58-91C9-8870201849F5}
		{E0D80DB9-1D0E-4FDC-BA31-4D0DEB76BB56} = {D2B29298-99BB-4F03-A9AE-5B3F90C1045D}
		{FC73DFCF-4D11-4400-BB98-5115CA2608E1} = {DAE40955-F267-426C-B72D-DDCC741C19F3}
		{01DE0C5B-72D2-4622-9636-4F9257BD59D2} = {BE10BDCB-60B6-48A2-AC6E-B0060503384A}
		{1C71C0D4-F18B-4FFE-8408-84DB4E5C6FD1} = {BE10BDCB-60B6-48A2-AC6E-B0060503384A}
		{39C1A6C6-469F-4CC0-9C38-44AC24C5BA01} = {BE10BDCB-60B6-48A2-AC6E-B0060503384A}
		{31655D62-7075-410F-923E-2F636CA67CC2} = {BE10BDCB-60B6-48A2-AC6E-B0060503384A}
		{BC039125-94D3-49C6-9BC0-1B5692F95ECB} = {BE10BDCB-60B6-48A2-AC6E-B0060503384A}
		{F40F3A35-170F-4E70-9E01-9BF4A950B6AF} = {DAE40955-F267-426C-B72D-DDCC741C19F3}
		{1C9EAE3D-8491-44ED-B10D-779E08CA99D8} = {DAE40955-F267-426C-B72D-DDCC741C19F3}
		{70C84780-5CF1-4AB7-9ED4-5AEF50DBDA3E} = {D34681B5-1982-4B58-91C9-8870201849F5}
		{29F5B081-9F1C-4DFA-B497-1CB38ACDEEE0} = {D34681B5-1982-4B58-91C9-8870201849F5}
		{A0AD6ED0-19AF-4980-AAF8-BA3A4A12A46D} = {BE10BDCB-60B6-48A2-AC6E-B0060503384A}
		{A4D07E42-D588-4E9C-B83A-E37A5B97CB4F} = {D34681B5-1982-4B58-91C9-8870201849F5}
		{54796870-23EC-43D3-A427-50A894427D55} = {15FBA76F-D467-422A-AC87-BADCB9813228}
		{D2B29298-99BB-4F03-A9AE-5B3F90C1045D} = {70D9279B-1EC4-4231-9D0C-8AEF545E4C24}
		{BE10BDCB-60B6-48A2-AC6E-B0060503384A} = {70D9279B-1EC4-4231-9D0C-8AEF545E4C24}
		{DAE40955-F267-426C-B72D-DDCC741C19F3} = {70D9279B-1EC4-4231-9D0C-8AEF545E4C24}
		{15FBA76F-D467-422A-AC87-BADCB9813228} = {70D9279B-1EC4-4231-9D0C-8AEF545E4C24}
		{AF1DBCD6-6D7B-4D60-9C16-6FF87E244BBB} = {70D9279B-1EC4-4231-9D0C-8AEF545E4C24}
		{D34681B5-1982-4B58-91C9-8870201849F5} = {5E0CB590-23FB-4102-A6F2-7370BD0A6D98}
		{38FDA7E8-E503-4654-B256-E0DA253F1ECC} = {BE10BDCB-60B6-48A2-AC6E-B0060503384A}
		{874FAC76-179E-4394-AE9B-8E34535B32E0} = {D34681B5-1982-4B58-91C9-8870201849F5}
		{6875C5A6-2594-4D77-BD9F-139238588DE0} = {5E0CB590-23FB-4102-A6F2-7370BD0A6D98}
		{34EDC98B-827D-4419-AA2D-9FDCACAA043D} = {BE10BDCB-60B6-48A2-AC6E-B0060503384A}
		{0670E62A-B54F-4480-B91A-8D4A594F762B} = {D34681B5-1982-4B58-91C9-8870201849F5}
	EndGlobalSection
EndGlobal
